
Microsoft Visual Studio Solution File, Format Version 12.00
# Visual Studio 15
VisualStudioVersion = 15.0.28307.489
MinimumVisualStudioVersion = 10.0.40219.1
Project("{9A19103F-16F7-4668-BE54-9A1E7A4F7556}") = "Whear Web", "Whear Web\Whear Web.csproj", "{FBC28707-5701-4F55-AA36-29224739EEBD}"
EndProject
Global
	GlobalSection(SolutionConfigurationPlatforms) = preSolution
		Debug|Any CPU = Debug|Any CPU
		Release|Any CPU = Release|Any CPU
	EndGlobalSection
	GlobalSection(ProjectConfigurationPlatforms) = postSolution
		{FBC28707-5701-4F55-AA36-29224739EEBD}.Debug|Any CPU.ActiveCfg = Debug|Any CPU
		{FBC28707-5701-4F55-AA36-29224739EEBD}.Debug|Any CPU.Build.0 = Debug|Any CPU
		{FBC28707-5701-4F55-AA36-29224739EEBD}.Release|Any CPU.ActiveCfg = Release|Any CPU
		{FBC28707-5701-4F55-AA36-29224739EEBD}.Release|Any CPU.Build.0 = Release|Any CPU
	EndGlobalSection
	GlobalSection(SolutionProperties) = preSolution
		HideSolutionNode = FALSE
	EndGlobalSection
	GlobalSection(ExtensibilityGlobals) = postSolution
		SolutionGuid = {EE22DEA4-2EF5-43C3-AD14-890EEE96DDB6}
	EndGlobalSection
EndGlobal
